// !$*UTF8*$!
{
	archiveVersion = 1;
	classes = {
	};
	objectVersion = 56;
	objects = {

/* Begin PBXBuildFile section */
		5DDBF56ADE2A3FA417AF0D28 /* Assets.xcassets in Resources */ = {isa = PBXBuildFile; fileRef = 0DB7571B8334F5E7680A9B20 /* Assets.xcassets */; };
		BAB847DC39379C88EFB9661C /* AppState.swift in Sources */ = {isa = PBXBuildFile; fileRef = CD14A832C63D697E95FBFE99 /* AppState.swift */; };
		FCF5E660D1B2A48939EDF1BD /* EmbyDanmakuApp.swift in Sources */ = {isa = PBXBuildFile; fileRef = 1E9921C1288206284A943009 /* EmbyDanmakuApp.swift */; };
		9B264D85F5C097F619AD2D38 /* DanmakuAPI.swift in Sources */ = {isa = PBXBuildFile; fileRef = DFAB45AFCA6A17FDDB15E80E /* DanmakuAPI.swift */; };
		4C47E6E59CA81C36C1232693 /* DanmakuCanvasView.swift in Sources */ = {isa = PBXBuildFile; fileRef = 777C6C21AD3EF0719C4BCBE9 /* DanmakuCanvasView.swift */; };
		8DF8442D85E129AF981F5850 /* DanmakuEngine.swift in Sources */ = {isa = PBXBuildFile; fileRef = 3D14FEEA4406A588CE9C68E7 /* DanmakuEngine.swift */; };
		E5E4209326726D52A94F48BC /* DanmakuItem.swift in Sources */ = {isa = PBXBuildFile; fileRef = 401F16B465C27DD6BABD8E93 /* DanmakuItem.swift */; };
		3222E389DA4195C0AC74103F /* DanmakuManager.swift in Sources */ = {isa = PBXBuildFile; fileRef = 9A90879B2C753BA2B0AD93ED /* DanmakuManager.swift */; };
		7708FAF13B83ED7C399BFCEA /* DanmakuParser.swift in Sources */ = {isa = PBXBuildFile; fileRef = 751735E9488FFFF030E64309 /* DanmakuParser.swift */; };
		9A9662C870664E0FBF665307 /* EmbyClient.swift in Sources */ = {isa = PBXBuildFile; fileRef = DCB0225E9D4798AF16618474 /* EmbyClient.swift */; };
		ADDE51E14027CAFDCBE6F22B /* EmbyModels.swift in Sources */ = {isa = PBXBuildFile; fileRef = 9E42101A73E64CD4EC22E1B8 /* EmbyModels.swift */; };
		7C6F07A36AC928639AEA6624 /* EmbyPlayback.swift in Sources */ = {isa = PBXBuildFile; fileRef = 88FCB14F16806359A798841D /* EmbyPlayback.swift */; };
		9913AE993D6B6D3CF724063E /* PlaybackDecision.swift in Sources */ = {isa = PBXBuildFile; fileRef = 0E78BBF8581420FE4F65A551 /* PlaybackDecision.swift */; };
		C373E827191889B2FACBD6C3 /* PlayerViewModel.swift in Sources */ = {isa = PBXBuildFile; fileRef = F285D4C455A980C29E8103B1 /* PlayerViewModel.swift */; };
		3E3955D6CF7F97B05B7644B2 /* SleepTimer.swift in Sources */ = {isa = PBXBuildFile; fileRef = 43F1393B6EDC004A3FE39D5C /* SleepTimer.swift */; };
		9B887205558C1D989B15D782 /* SubtitleParser.swift in Sources */ = {isa = PBXBuildFile; fileRef = 37C1455D8EC5739B44C84060 /* SubtitleParser.swift */; };
		87AC0A9082B4C3FFBE084AC8 /* PlaylistStore.swift in Sources */ = {isa = PBXBuildFile; fileRef = E5857C5D0532260925495C9B /* PlaylistStore.swift */; };
		9733776F893A4053C6EBEC73 /* AppSettings.swift in Sources */ = {isa = PBXBuildFile; fileRef = 0F9058F285069970DC1C6CAE /* AppSettings.swift */; };
		165D8B7F0A0D38A6ADD52F9D /* Keychain.swift in Sources */ = {isa = PBXBuildFile; fileRef = BE9F3B80183B49A4F6510369 /* Keychain.swift */; };
		F50730F6418E4CA9815045C2 /* LocalStore.swift in Sources */ = {isa = PBXBuildFile; fileRef = 57559A75C75CE468D08449A0 /* LocalStore.swift */; };
		A8ED86C9995DBC43BE9D91EE /* RootView.swift in Sources */ = {isa = PBXBuildFile; fileRef = D7CECFA435D16400C42D09FD /* RootView.swift */; };
		AD4D4EBD0A7B7EBD4D064189 /* AddToPlaylistSheet.swift in Sources */ = {isa = PBXBuildFile; fileRef = 39AAE933B93138CE9662F172 /* AddToPlaylistSheet.swift */; };
		2F5620C3C3B2AEF51457AB2C /* LabeledRow.swift in Sources */ = {isa = PBXBuildFile; fileRef = ED2F08E1C9B247EBAA783D90 /* LabeledRow.swift */; };
		58A59084082C6611740CDFC9 /* PosterCard.swift in Sources */ = {isa = PBXBuildFile; fileRef = 41418DF3F5D9351FDDBB5D4F /* PosterCard.swift */; };
		75587C556840C7B652935850 /* Theme.swift in Sources */ = {isa = PBXBuildFile; fileRef = E6AD60AB4F62583AF5F6356A /* Theme.swift */; };
		2345BD98F4F057A922DBB161 /* HomeView.swift in Sources */ = {isa = PBXBuildFile; fileRef = 3C9CE7F2C16F22A7EE7D9C60 /* HomeView.swift */; };
		11147CBCB6A3030E9FBE6050 /* ItemDetailView.swift in Sources */ = {isa = PBXBuildFile; fileRef = 52B8B98E8F507B5D86C939C9 /* ItemDetailView.swift */; };
		E89FBF149B098893BB2C4820 /* SearchView.swift in Sources */ = {isa = PBXBuildFile; fileRef = 1228191681120BB24268D9C7 /* SearchView.swift */; };
		FBB12DDD7E08BC39342525E7 /* PlayerControls.swift in Sources */ = {isa = PBXBuildFile; fileRef = EAA1ADD2C24DEDE7E9AB2F90 /* PlayerControls.swift */; };
		3FA9203049664C962319A066 /* PlayerPanels.swift in Sources */ = {isa = PBXBuildFile; fileRef = 6616C83BB29CB43BA59C722A /* PlayerPanels.swift */; };
		45B8D17ED6E5C8F6E383F75A /* PlayerView.swift in Sources */ = {isa = PBXBuildFile; fileRef = 87DDCF0833E8211E7B41262D /* PlayerView.swift */; };
		C14408EECFE006AA4DAE3D17 /* PlaylistDetailView.swift in Sources */ = {isa = PBXBuildFile; fileRef = 4463FC3F708DDEC32337D257 /* PlaylistDetailView.swift */; };
		82E6B5EE7B5BF486EA225A6B /* PlaylistHubView.swift in Sources */ = {isa = PBXBuildFile; fileRef = 4802D88266A18316353911F7 /* PlaylistHubView.swift */; };
		37A346C3D362BE92F113F0B9 /* LoginView.swift in Sources */ = {isa = PBXBuildFile; fileRef = 9BA60A48DD953AF50B37E9A9 /* LoginView.swift */; };
		E3F911E4CD0EE692CB0333F5 /* ServerListView.swift in Sources */ = {isa = PBXBuildFile; fileRef = F29B125986145B4AA37C7F5F /* ServerListView.swift */; };
		CF40A3082DF014ED902A3F73 /* SettingsView.swift in Sources */ = {isa = PBXBuildFile; fileRef = 132A529A4F707F0D1D75D2E6 /* SettingsView.swift */; };
/* End PBXBuildFile section */

/* Begin PBXFileReference section */
		0EB207C0C2938AF1ADEE5A77 /* EmbyDanmaku.app */ = {isa = PBXFileReference; explicitFileType = wrapper.application; includeInIndex = 0; path = EmbyDanmaku.app; sourceTree = BUILT_PRODUCTS_DIR; };
		CD14A832C63D697E95FBFE99 /* AppState.swift */ = {isa = PBXFileReference; lastKnownFileType = sourcecode.swift; path = "AppState.swift"; sourceTree = "<group>"; };
		1E9921C1288206284A943009 /* EmbyDanmakuApp.swift */ = {isa = PBXFileReference; lastKnownFileType = sourcecode.swift; path = "EmbyDanmakuApp.swift"; sourceTree = "<group>"; };
		DFAB45AFCA6A17FDDB15E80E /* DanmakuAPI.swift */ = {isa = PBXFileReference; lastKnownFileType = sourcecode.swift; path = "DanmakuAPI.swift"; sourceTree = "<group>"; };
		777C6C21AD3EF0719C4BCBE9 /* DanmakuCanvasView.swift */ = {isa = PBXFileReference; lastKnownFileType = sourcecode.swift; path = "DanmakuCanvasView.swift"; sourceTree = "<group>"; };
		3D14FEEA4406A588CE9C68E7 /* DanmakuEngine.swift */ = {isa = PBXFileReference; lastKnownFileType = sourcecode.swift; path = "DanmakuEngine.swift"; sourceTree = "<group>"; };
		401F16B465C27DD6BABD8E93 /* DanmakuItem.swift */ = {isa = PBXFileReference; lastKnownFileType = sourcecode.swift; path = "DanmakuItem.swift"; sourceTree = "<group>"; };
		9A90879B2C753BA2B0AD93ED /* DanmakuManager.swift */ = {isa = PBXFileReference; lastKnownFileType = sourcecode.swift; path = "DanmakuManager.swift"; sourceTree = "<group>"; };
		751735E9488FFFF030E64309 /* DanmakuParser.swift */ = {isa = PBXFileReference; lastKnownFileType = sourcecode.swift; path = "DanmakuParser.swift"; sourceTree = "<group>"; };
		DCB0225E9D4798AF16618474 /* EmbyClient.swift */ = {isa = PBXFileReference; lastKnownFileType = sourcecode.swift; path = "EmbyClient.swift"; sourceTree = "<group>"; };
		9E42101A73E64CD4EC22E1B8 /* EmbyModels.swift */ = {isa = PBXFileReference; lastKnownFileType = sourcecode.swift; path = "EmbyModels.swift"; sourceTree = "<group>"; };
		88FCB14F16806359A798841D /* EmbyPlayback.swift */ = {isa = PBXFileReference; lastKnownFileType = sourcecode.swift; path = "EmbyPlayback.swift"; sourceTree = "<group>"; };
		0E78BBF8581420FE4F65A551 /* PlaybackDecision.swift */ = {isa = PBXFileReference; lastKnownFileType = sourcecode.swift; path = "PlaybackDecision.swift"; sourceTree = "<group>"; };
		F285D4C455A980C29E8103B1 /* PlayerViewModel.swift */ = {isa = PBXFileReference; lastKnownFileType = sourcecode.swift; path = "PlayerViewModel.swift"; sourceTree = "<group>"; };
		43F1393B6EDC004A3FE39D5C /* SleepTimer.swift */ = {isa = PBXFileReference; lastKnownFileType = sourcecode.swift; path = "SleepTimer.swift"; sourceTree = "<group>"; };
		37C1455D8EC5739B44C84060 /* SubtitleParser.swift */ = {isa = PBXFileReference; lastKnownFileType = sourcecode.swift; path = "SubtitleParser.swift"; sourceTree = "<group>"; };
		E5857C5D0532260925495C9B /* PlaylistStore.swift */ = {isa = PBXFileReference; lastKnownFileType = sourcecode.swift; path = "PlaylistStore.swift"; sourceTree = "<group>"; };
		0F9058F285069970DC1C6CAE /* AppSettings.swift */ = {isa = PBXFileReference; lastKnownFileType = sourcecode.swift; path = "AppSettings.swift"; sourceTree = "<group>"; };
		BE9F3B80183B49A4F6510369 /* Keychain.swift */ = {isa = PBXFileReference; lastKnownFileType = sourcecode.swift; path = "Keychain.swift"; sourceTree = "<group>"; };
		57559A75C75CE468D08449A0 /* LocalStore.swift */ = {isa = PBXFileReference; lastKnownFileType = sourcecode.swift; path = "LocalStore.swift"; sourceTree = "<group>"; };
		D7CECFA435D16400C42D09FD /* RootView.swift */ = {isa = PBXFileReference; lastKnownFileType = sourcecode.swift; path = "RootView.swift"; sourceTree = "<group>"; };
		39AAE933B93138CE9662F172 /* AddToPlaylistSheet.swift */ = {isa = PBXFileReference; lastKnownFileType = sourcecode.swift; path = "AddToPlaylistSheet.swift"; sourceTree = "<group>"; };
		ED2F08E1C9B247EBAA783D90 /* LabeledRow.swift */ = {isa = PBXFileReference; lastKnownFileType = sourcecode.swift; path = "LabeledRow.swift"; sourceTree = "<group>"; };
		41418DF3F5D9351FDDBB5D4F /* PosterCard.swift */ = {isa = PBXFileReference; lastKnownFileType = sourcecode.swift; path = "PosterCard.swift"; sourceTree = "<group>"; };
		E6AD60AB4F62583AF5F6356A /* Theme.swift */ = {isa = PBXFileReference; lastKnownFileType = sourcecode.swift; path = "Theme.swift"; sourceTree = "<group>"; };
		3C9CE7F2C16F22A7EE7D9C60 /* HomeView.swift */ = {isa = PBXFileReference; lastKnownFileType = sourcecode.swift; path = "HomeView.swift"; sourceTree = "<group>"; };
		52B8B98E8F507B5D86C939C9 /* ItemDetailView.swift */ = {isa = PBXFileReference; lastKnownFileType = sourcecode.swift; path = "ItemDetailView.swift"; sourceTree = "<group>"; };
		1228191681120BB24268D9C7 /* SearchView.swift */ = {isa = PBXFileReference; lastKnownFileType = sourcecode.swift; path = "SearchView.swift"; sourceTree = "<group>"; };
		EAA1ADD2C24DEDE7E9AB2F90 /* PlayerControls.swift */ = {isa = PBXFileReference; lastKnownFileType = sourcecode.swift; path = "PlayerControls.swift"; sourceTree = "<group>"; };
		6616C83BB29CB43BA59C722A /* PlayerPanels.swift */ = {isa = PBXFileReference; lastKnownFileType = sourcecode.swift; path = "PlayerPanels.swift"; sourceTree = "<group>"; };
		87DDCF0833E8211E7B41262D /* PlayerView.swift */ = {isa = PBXFileReference; lastKnownFileType = sourcecode.swift; path = "PlayerView.swift"; sourceTree = "<group>"; };
		4463FC3F708DDEC32337D257 /* PlaylistDetailView.swift */ = {isa = PBXFileReference; lastKnownFileType = sourcecode.swift; path = "PlaylistDetailView.swift"; sourceTree = "<group>"; };
		4802D88266A18316353911F7 /* PlaylistHubView.swift */ = {isa = PBXFileReference; lastKnownFileType = sourcecode.swift; path = "PlaylistHubView.swift"; sourceTree = "<group>"; };
		9BA60A48DD953AF50B37E9A9 /* LoginView.swift */ = {isa = PBXFileReference; lastKnownFileType = sourcecode.swift; path = "LoginView.swift"; sourceTree = "<group>"; };
		F29B125986145B4AA37C7F5F /* ServerListView.swift */ = {isa = PBXFileReference; lastKnownFileType = sourcecode.swift; path = "ServerListView.swift"; sourceTree = "<group>"; };
		132A529A4F707F0D1D75D2E6 /* SettingsView.swift */ = {isa = PBXFileReference; lastKnownFileType = sourcecode.swift; path = "SettingsView.swift"; sourceTree = "<group>"; };
		F6C49E4434E4AB56F89617A9 /* Info.plist */ = {isa = PBXFileReference; lastKnownFileType = text.plist.xml; path = Info.plist; sourceTree = "<group>"; };
		0DB7571B8334F5E7680A9B20 /* Assets.xcassets */ = {isa = PBXFileReference; lastKnownFileType = folder.assetcatalog; path = Assets.xcassets; sourceTree = "<group>"; };
/* End PBXFileReference section */

/* Begin PBXFrameworksBuildPhase section */
		804DB52E2955449D2F091C7E /* Frameworks */ = {
			isa = PBXFrameworksBuildPhase;
			buildActionMask = 2147483647;
			files = (
			);
			runOnlyForDeploymentPostprocessing = 0;
		};
/* End PBXFrameworksBuildPhase section */

/* Begin PBXGroup section */
		420CFB359C2A33DC60BFB328 /* Sources */ = {
			isa = PBXGroup;
			children = (
				A24A4D6F0745A42F18DEB5EE /* App */,
				0EFEE179E5A96D175249CFF8 /* Core */,
				5E5C0B9CB96C82FDD5D723B9 /* Views */,
			);
			path = "Sources";
			sourceTree = "<group>";
		};
		A24A4D6F0745A42F18DEB5EE /* App */ = {
			isa = PBXGroup;
			children = (
				CD14A832C63D697E95FBFE99 /* AppState.swift */,
				1E9921C1288206284A943009 /* EmbyDanmakuApp.swift */,
			);
			path = "App";
			sourceTree = "<group>";
		};
		0EFEE179E5A96D175249CFF8 /* Core */ = {
			isa = PBXGroup;
			children = (
				3A5337A8EE8C7653D310BEC7 /* Danmaku */,
				8D230685D9D3525B43B59AC3 /* Emby */,
				6FE3E91CD93FE56052653FA8 /* Player */,
				4BCDB9017296C535817B1AAC /* Playlist */,
				40CB03C4105A58486089DDA4 /* Storage */,
			);
			path = "Core";
			sourceTree = "<group>";
		};
		3A5337A8EE8C7653D310BEC7 /* Danmaku */ = {
			isa = PBXGroup;
			children = (
				DFAB45AFCA6A17FDDB15E80E /* DanmakuAPI.swift */,
				777C6C21AD3EF0719C4BCBE9 /* DanmakuCanvasView.swift */,
				3D14FEEA4406A588CE9C68E7 /* DanmakuEngine.swift */,
				401F16B465C27DD6BABD8E93 /* DanmakuItem.swift */,
				9A90879B2C753BA2B0AD93ED /* DanmakuManager.swift */,
				751735E9488FFFF030E64309 /* DanmakuParser.swift */,
			);
			path = "Danmaku";
			sourceTree = "<group>";
		};
		8D230685D9D3525B43B59AC3 /* Emby */ = {
			isa = PBXGroup;
			children = (
				DCB0225E9D4798AF16618474 /* EmbyClient.swift */,
				9E42101A73E64CD4EC22E1B8 /* EmbyModels.swift */,
				88FCB14F16806359A798841D /* EmbyPlayback.swift */,
			);
			path = "Emby";
			sourceTree = "<group>";
		};
		6FE3E91CD93FE56052653FA8 /* Player */ = {
			isa = PBXGroup;
			children = (
				0E78BBF8581420FE4F65A551 /* PlaybackDecision.swift */,
				F285D4C455A980C29E8103B1 /* PlayerViewModel.swift */,
				43F1393B6EDC004A3FE39D5C /* SleepTimer.swift */,
				37C1455D8EC5739B44C84060 /* SubtitleParser.swift */,
			);
			path = "Player";
			sourceTree = "<group>";
		};
		4BCDB9017296C535817B1AAC /* Playlist */ = {
			isa = PBXGroup;
			children = (
				E5857C5D0532260925495C9B /* PlaylistStore.swift */,
			);
			path = "Playlist";
			sourceTree = "<group>";
		};
		40CB03C4105A58486089DDA4 /* Storage */ = {
			isa = PBXGroup;
			children = (
				0F9058F285069970DC1C6CAE /* AppSettings.swift */,
				BE9F3B80183B49A4F6510369 /* Keychain.swift */,
				57559A75C75CE468D08449A0 /* LocalStore.swift */,
			);
			path = "Storage";
			sourceTree = "<group>";
		};
		5E5C0B9CB96C82FDD5D723B9 /* Views */ = {
			isa = PBXGroup;
			children = (
				460A8AA20F4F1FB1FE773FD0 /* Components */,
				3AB0621C9C05D2DA3ABB03EE /* Library */,
				260225BDBBFEBBB94C8B0390 /* Player */,
				68772AE39B653B60F067F34E /* Playlist */,
				61BDF4D7937EA8319A16E57C /* Server */,
				54647073D9B85866F7A8EA80 /* Settings */,
				D7CECFA435D16400C42D09FD /* RootView.swift */,
			);
			path = "Views";
			sourceTree = "<group>";
		};
		460A8AA20F4F1FB1FE773FD0 /* Components */ = {
			isa = PBXGroup;
			children = (
				39AAE933B93138CE9662F172 /* AddToPlaylistSheet.swift */,
				ED2F08E1C9B247EBAA783D90 /* LabeledRow.swift */,
				41418DF3F5D9351FDDBB5D4F /* PosterCard.swift */,
				E6AD60AB4F62583AF5F6356A /* Theme.swift */,
			);
			path = "Components";
			sourceTree = "<group>";
		};
		3AB0621C9C05D2DA3ABB03EE /* Library */ = {
			isa = PBXGroup;
			children = (
				3C9CE7F2C16F22A7EE7D9C60 /* HomeView.swift */,
				52B8B98E8F507B5D86C939C9 /* ItemDetailView.swift */,
				1228191681120BB24268D9C7 /* SearchView.swift */,
			);
			path = "Library";
			sourceTree = "<group>";
		};
		260225BDBBFEBBB94C8B0390 /* Player */ = {
			isa = PBXGroup;
			children = (
				EAA1ADD2C24DEDE7E9AB2F90 /* PlayerControls.swift */,
				6616C83BB29CB43BA59C722A /* PlayerPanels.swift */,
				87DDCF0833E8211E7B41262D /* PlayerView.swift */,
			);
			path = "Player";
			sourceTree = "<group>";
		};
		68772AE39B653B60F067F34E /* Playlist */ = {
			isa = PBXGroup;
			children = (
				4463FC3F708DDEC32337D257 /* PlaylistDetailView.swift */,
				4802D88266A18316353911F7 /* PlaylistHubView.swift */,
			);
			path = "Playlist";
			sourceTree = "<group>";
		};
		61BDF4D7937EA8319A16E57C /* Server */ = {
			isa = PBXGroup;
			children = (
				9BA60A48DD953AF50B37E9A9 /* LoginView.swift */,
				F29B125986145B4AA37C7F5F /* ServerListView.swift */,
			);
			path = "Server";
			sourceTree = "<group>";
		};
		54647073D9B85866F7A8EA80 /* Settings */ = {
			isa = PBXGroup;
			children = (
				132A529A4F707F0D1D75D2E6 /* SettingsView.swift */,
			);
			path = "Settings";
			sourceTree = "<group>";
		};
		887A6F90336FF23D95C3914B /* Resources */ = {
			isa = PBXGroup;
			children = (
				F6C49E4434E4AB56F89617A9 /* Info.plist */,
				0DB7571B8334F5E7680A9B20 /* Assets.xcassets */,
			);
			path = "Resources";
			sourceTree = "<group>";
		};
		2F3A6B1E78F896718625FF06 /* Products */ = {
			isa = PBXGroup;
			children = (
				0EB207C0C2938AF1ADEE5A77 /* EmbyDanmaku.app */,
			);
			name = "Products";
			sourceTree = "<group>";
		};
		7C77A872663E888729B302C0 /* EmbyDanmaku */ = {
			isa = PBXGroup;
			children = (
				420CFB359C2A33DC60BFB328 /* Sources */,
				887A6F90336FF23D95C3914B /* Resources */,
				2F3A6B1E78F896718625FF06 /* Products */,
			);
			name = "EmbyDanmaku";
			sourceTree = "<group>";
		};
/* End PBXGroup section */

/* Begin PBXNativeTarget section */
		A4926A4780E7174F6DE14690 /* EmbyDanmaku */ = {
			isa = PBXNativeTarget;
			buildConfigurationList = F2F62AAE534BA46EC59716F3 /* Build configuration list for PBXNativeTarget "EmbyDanmaku" */;
			buildPhases = (
				D8E2B34C6803A5DAEDA2CB7E /* Sources */,
				804DB52E2955449D2F091C7E /* Frameworks */,
				00513FA0CE487262D0410603 /* Resources */,
			);
			buildRules = (
			);
			dependencies = (
			);
			name = EmbyDanmaku;
			productName = EmbyDanmaku;
			productReference = 0EB207C0C2938AF1ADEE5A77 /* EmbyDanmaku.app */;
			productType = "com.apple.product-type.application";
		};
/* End PBXNativeTarget section */

/* Begin PBXProject section */
		B1DF73FA05CDE8D4E9625DF9 /* Project object */ = {
			isa = PBXProject;
			attributes = {
				BuildIndependentTargetsInParallel = 1;
				LastSwiftUpdateCheck = 1500;
				LastUpgradeCheck = 1500;
				TargetAttributes = {
					A4926A4780E7174F6DE14690 = {
						CreatedOnToolsVersion = 15.0;
					};
				};
			};
			buildConfigurationList = 7EF2517A8FE63F4681EC5EEA /* Build configuration list for PBXProject "EmbyDanmaku" */;
			compatibilityVersion = "Xcode 14.0";
			developmentRegion = en;
			hasScannedForEncodings = 0;
			knownRegions = (
				en,
				Base,
			);
			mainGroup = 7C77A872663E888729B302C0;
			productRefGroup = 2F3A6B1E78F896718625FF06;
			projectDirPath = "";
			projectRoot = "";
			targets = (
				A4926A4780E7174F6DE14690 /* EmbyDanmaku */,
			);
		};
/* End PBXProject section */

/* Begin PBXResourcesBuildPhase section */
		00513FA0CE487262D0410603 /* Resources */ = {
			isa = PBXResourcesBuildPhase;
			buildActionMask = 2147483647;
			files = (
				5DDBF56ADE2A3FA417AF0D28 /* Assets.xcassets in Resources */,
			);
			runOnlyForDeploymentPostprocessing = 0;
		};
/* End PBXResourcesBuildPhase section */

/* Begin PBXSourcesBuildPhase section */
		D8E2B34C6803A5DAEDA2CB7E /* Sources */ = {
			isa = PBXSourcesBuildPhase;
			buildActionMask = 2147483647;
			files = (
				BAB847DC39379C88EFB9661C /* AppState.swift in Sources */,
				FCF5E660D1B2A48939EDF1BD /* EmbyDanmakuApp.swift in Sources */,
				9B264D85F5C097F619AD2D38 /* DanmakuAPI.swift in Sources */,
				4C47E6E59CA81C36C1232693 /* DanmakuCanvasView.swift in Sources */,
				8DF8442D85E129AF981F5850 /* DanmakuEngine.swift in Sources */,
				E5E4209326726D52A94F48BC /* DanmakuItem.swift in Sources */,
				3222E389DA4195C0AC74103F /* DanmakuManager.swift in Sources */,
				7708FAF13B83ED7C399BFCEA /* DanmakuParser.swift in Sources */,
				9A9662C870664E0FBF665307 /* EmbyClient.swift in Sources */,
				ADDE51E14027CAFDCBE6F22B /* EmbyModels.swift in Sources */,
				7C6F07A36AC928639AEA6624 /* EmbyPlayback.swift in Sources */,
				9913AE993D6B6D3CF724063E /* PlaybackDecision.swift in Sources */,
				C373E827191889B2FACBD6C3 /* PlayerViewModel.swift in Sources */,
				3E3955D6CF7F97B05B7644B2 /* SleepTimer.swift in Sources */,
				9B887205558C1D989B15D782 /* SubtitleParser.swift in Sources */,
				87AC0A9082B4C3FFBE084AC8 /* PlaylistStore.swift in Sources */,
				9733776F893A4053C6EBEC73 /* AppSettings.swift in Sources */,
				165D8B7F0A0D38A6ADD52F9D /* Keychain.swift in Sources */,
				F50730F6418E4CA9815045C2 /* LocalStore.swift in Sources */,
				A8ED86C9995DBC43BE9D91EE /* RootView.swift in Sources */,
				AD4D4EBD0A7B7EBD4D064189 /* AddToPlaylistSheet.swift in Sources */,
				2F5620C3C3B2AEF51457AB2C /* LabeledRow.swift in Sources */,
				58A59084082C6611740CDFC9 /* PosterCard.swift in Sources */,
				75587C556840C7B652935850 /* Theme.swift in Sources */,
				2345BD98F4F057A922DBB161 /* HomeView.swift in Sources */,
				11147CBCB6A3030E9FBE6050 /* ItemDetailView.swift in Sources */,
				E89FBF149B098893BB2C4820 /* SearchView.swift in Sources */,
				FBB12DDD7E08BC39342525E7 /* PlayerControls.swift in Sources */,
				3FA9203049664C962319A066 /* PlayerPanels.swift in Sources */,
				45B8D17ED6E5C8F6E383F75A /* PlayerView.swift in Sources */,
				C14408EECFE006AA4DAE3D17 /* PlaylistDetailView.swift in Sources */,
				82E6B5EE7B5BF486EA225A6B /* PlaylistHubView.swift in Sources */,
				37A346C3D362BE92F113F0B9 /* LoginView.swift in Sources */,
				E3F911E4CD0EE692CB0333F5 /* ServerListView.swift in Sources */,
				CF40A3082DF014ED902A3F73 /* SettingsView.swift in Sources */,
			);
			runOnlyForDeploymentPostprocessing = 0;
		};
/* End PBXSourcesBuildPhase section */

/* Begin XCBuildConfiguration section */
		969595A508627F35A110362C /* Debug */ = {
			isa = XCBuildConfiguration;
			buildSettings = {
				ALWAYS_SEARCH_USER_PATHS = NO;
				CLANG_ANALYZER_NONNULL = YES;
				CLANG_ENABLE_MODULES = YES;
				CLANG_ENABLE_OBJC_ARC = YES;
				COPY_PHASE_STRIP = NO;
				ENABLE_STRICT_OBJC_MSGSEND = YES;
				GCC_C_LANGUAGE_STANDARD = gnu11;
				GCC_NO_COMMON_BLOCKS = YES;
				IPHONEOS_DEPLOYMENT_TARGET = 15.0;
				SDKROOT = iphoneos;
				SWIFT_VERSION = 5.9;
				DEBUG_INFORMATION_FORMAT = dwarf;
				ENABLE_TESTABILITY = YES;
				GCC_OPTIMIZATION_LEVEL = 0;
				GCC_PREPROCESSOR_DEFINITIONS = (
						"DEBUG=1",
						"$(inherited)",
					);
				MTL_ENABLE_DEBUG_INFO = INCLUDE_SOURCE;
				ONLY_ACTIVE_ARCH = YES;
				SWIFT_ACTIVE_COMPILATION_CONDITIONS = DEBUG;
				SWIFT_OPTIMIZATION_LEVEL = "-Onone";
			};
			name = Debug;
		};
		4C95F91A6D5CD87BB5DB8FDD /* Release */ = {
			isa = XCBuildConfiguration;
			buildSettings = {
				ALWAYS_SEARCH_USER_PATHS = NO;
				CLANG_ANALYZER_NONNULL = YES;
				CLANG_ENABLE_MODULES = YES;
				CLANG_ENABLE_OBJC_ARC = YES;
				COPY_PHASE_STRIP = NO;
				ENABLE_STRICT_OBJC_MSGSEND = YES;
				GCC_C_LANGUAGE_STANDARD = gnu11;
				GCC_NO_COMMON_BLOCKS = YES;
				IPHONEOS_DEPLOYMENT_TARGET = 15.0;
				SDKROOT = iphoneos;
				SWIFT_VERSION = 5.9;
				DEBUG_INFORMATION_FORMAT = "dwarf-with-dsym";
				ENABLE_NS_ASSERTIONS = NO;
				MTL_ENABLE_DEBUG_INFO = NO;
				SWIFT_COMPILATION_MODE = wholemodule;
				SWIFT_OPTIMIZATION_LEVEL = "-O";
				VALIDATE_PRODUCT = YES;
			};
			name = Release;
		};
		A3FD2624D90AA76C1E18FB70 /* Debug */ = {
			isa = XCBuildConfiguration;
			buildSettings = {
				ALWAYS_SEARCH_USER_PATHS = NO;
				CLANG_ANALYZER_NONNULL = YES;
				CLANG_ENABLE_MODULES = YES;
				CLANG_ENABLE_OBJC_ARC = YES;
				COPY_PHASE_STRIP = NO;
				ENABLE_STRICT_OBJC_MSGSEND = YES;
				GCC_C_LANGUAGE_STANDARD = gnu11;
				GCC_NO_COMMON_BLOCKS = YES;
				IPHONEOS_DEPLOYMENT_TARGET = 15.0;
				SDKROOT = iphoneos;
				SWIFT_VERSION = 5.9;
				DEBUG_INFORMATION_FORMAT = dwarf;
				ENABLE_TESTABILITY = YES;
				GCC_OPTIMIZATION_LEVEL = 0;
				GCC_PREPROCESSOR_DEFINITIONS = (
						"DEBUG=1",
						"$(inherited)",
					);
				MTL_ENABLE_DEBUG_INFO = INCLUDE_SOURCE;
				ONLY_ACTIVE_ARCH = YES;
				SWIFT_ACTIVE_COMPILATION_CONDITIONS = DEBUG;
				SWIFT_OPTIMIZATION_LEVEL = "-Onone";
				ASSETCATALOG_COMPILER_APPICON_NAME = AppIcon;
				CODE_SIGN_STYLE = Automatic;
				GENERATE_INFOPLIST_FILE = NO;
				INFOPLIST_FILE = Resources/Info.plist;
				LD_RUNPATH_SEARCH_PATHS = (
					"$(inherited)",
					"@executable_path/Frameworks",
					);
				PRODUCT_BUNDLE_IDENTIFIER = com.emby.danmaku;
				PRODUCT_NAME = EmbyDanmaku;
				TARGETED_DEVICE_FAMILY = "1,2";
			};
			name = Debug;
		};
		CB4CAEBFF1A865FD02635BC0 /* Release */ = {
			isa = XCBuildConfiguration;
			buildSettings = {
				ALWAYS_SEARCH_USER_PATHS = NO;
				CLANG_ANALYZER_NONNULL = YES;
				CLANG_ENABLE_MODULES = YES;
				CLANG_ENABLE_OBJC_ARC = YES;
				COPY_PHASE_STRIP = NO;
				ENABLE_STRICT_OBJC_MSGSEND = YES;
				GCC_C_LANGUAGE_STANDARD = gnu11;
				GCC_NO_COMMON_BLOCKS = YES;
				IPHONEOS_DEPLOYMENT_TARGET = 15.0;
				SDKROOT = iphoneos;
				SWIFT_VERSION = 5.9;
				DEBUG_INFORMATION_FORMAT = "dwarf-with-dsym";
				ENABLE_NS_ASSERTIONS = NO;
				MTL_ENABLE_DEBUG_INFO = NO;
				SWIFT_COMPILATION_MODE = wholemodule;
				SWIFT_OPTIMIZATION_LEVEL = "-O";
				VALIDATE_PRODUCT = YES;
				ASSETCATALOG_COMPILER_APPICON_NAME = AppIcon;
				CODE_SIGN_STYLE = Automatic;
				GENERATE_INFOPLIST_FILE = NO;
				INFOPLIST_FILE = Resources/Info.plist;
				LD_RUNPATH_SEARCH_PATHS = (
					"$(inherited)",
					"@executable_path/Frameworks",
					);
				PRODUCT_BUNDLE_IDENTIFIER = com.emby.danmaku;
				PRODUCT_NAME = EmbyDanmaku;
				TARGETED_DEVICE_FAMILY = "1,2";
			};
			name = Release;
		};
/* End XCBuildConfiguration section */

/* Begin XCConfigurationList section */
		7EF2517A8FE63F4681EC5EEA /* Build configuration list for PBXProject "EmbyDanmaku" */ = {
			isa = XCConfigurationList;
			buildConfigurations = (
				969595A508627F35A110362C /* Debug */,
				4C95F91A6D5CD87BB5DB8FDD /* Release */,
			);
			defaultConfigurationIsVisible = 0;
			defaultConfigurationName = Release;
		};
		F2F62AAE534BA46EC59716F3 /* Build configuration list for PBXNativeTarget "EmbyDanmaku" */ = {
			isa = XCConfigurationList;
			buildConfigurations = (
				A3FD2624D90AA76C1E18FB70 /* Debug */,
				CB4CAEBFF1A865FD02635BC0 /* Release */,
			);
			defaultConfigurationIsVisible = 0;
			defaultConfigurationName = Release;
		};
/* End XCConfigurationList section */
	};
	rootObject = B1DF73FA05CDE8D4E9625DF9 /* Project object */;
}
